
Microsoft Visual Studio Solution File, Format Version 12.00
# Visual Studio Version 16
VisualStudioVersion = 16.0.30611.23
MinimumVisualStudioVersion = 15.0.26124.0
Project("{2150E333-8FDC-42A3-9474-1A3956D46DE8}") = "global", "global", "{A464976E-FDDF-497E-9AB6-36E4A2C9278D}"
	ProjectSection(SolutionItems) = preProject
		.gitignore = .gitignore
		common.props = common.props
		default.ruleset = default.ruleset
		README.md = README.md
	EndProjectSection
EndProject
Project("{2150E333-8FDC-42A3-9474-1A3956D46DE8}") = "src", "src", "{EA4DEA2A-5900-488F-9FAD-123C91429973}"
EndProject
Project("{9A19103F-16F7-4668-BE54-9A1E7A4F7556}") = "Ky.Data", "src\Ky.Data\Ky.Data.csproj", "{E7BB67C5-DE4C-41E6-A108-969C017FAD2A}"
EndProject
Project("{9A19103F-16F7-4668-BE54-9A1E7A4F7556}") = "Ky.Mqtt.Client", "src\Ky.Mqtt.Client\Ky.Mqtt.Client.csproj", "{D74D7241-9CB9-4B2E-BA77-7B065E7F3F42}"
EndProject
Project("{2150E333-8FDC-42A3-9474-1A3956D46DE8}") = "app", "app", "{FA18F448-AB84-4CBD-B754-DD42B0467F80}"
EndProject
Project("{9A19103F-16F7-4668-BE54-9A1E7A4F7556}") = "Ky.Iot.Api", "app\Ky.Iot.Api\Ky.Iot.Api.csproj", "{A67E3CDD-C5D8-40F5-AF17-B2303C8086A8}"
EndProject
Project("{9A19103F-16F7-4668-BE54-9A1E7A4F7556}") = "Ky.Zigbee2Mqtt", "src\Ky.Zigbee2Mqtt\Ky.Zigbee2Mqtt.csproj", "{613BB266-FD20-475E-BA9F-8697DE6E128F}"
EndProject
Project("{9A19103F-16F7-4668-BE54-9A1E7A4F7556}") = "Ky.Data.Context", "src\Ky.Data.Context\Ky.Data.Context.csproj", "{8D2DFEDE-7302-45B5-8512-6CD1DB819A68}"
EndProject
Project("{9A19103F-16F7-4668-BE54-9A1E7A4F7556}") = "Ky.Data.Logic", "src\Ky.Data.Logic\Ky.Data.Logic.csproj", "{4E41476D-09A5-4EE7-8E72-57EC6D5C976C}"
EndProject
Project("{9A19103F-16F7-4668-BE54-9A1E7A4F7556}") = "Ky.Data.Interfaces", "src\Ky.Data.Interfaces\Ky.Data.Interfaces.csproj", "{697BFD10-07CB-4FB9-BC2F-11DB11CC46DD}"
EndProject
Global
	GlobalSection(SolutionConfigurationPlatforms) = preSolution
		Debug|Any CPU = Debug|Any CPU
		Release|Any CPU = Release|Any CPU
	EndGlobalSection
	GlobalSection(ProjectConfigurationPlatforms) = postSolution
		{E7BB67C5-DE4C-41E6-A108-969C017FAD2A}.Debug|Any CPU.ActiveCfg = Debug|Any CPU
		{E7BB67C5-DE4C-41E6-A108-969C017FAD2A}.Debug|Any CPU.Build.0 = Debug|Any CPU
		{E7BB67C5-DE4C-41E6-A108-969C017FAD2A}.Release|Any CPU.ActiveCfg = Release|Any CPU
		{E7BB67C5-DE4C-41E6-A108-969C017FAD2A}.Release|Any CPU.Build.0 = Release|Any CPU
		{D74D7241-9CB9-4B2E-BA77-7B065E7F3F42}.Debug|Any CPU.ActiveCfg = Debug|Any CPU
		{D74D7241-9CB9-4B2E-BA77-7B065E7F3F42}.Debug|Any CPU.Build.0 = Debug|Any CPU
		{D74D7241-9CB9-4B2E-BA77-7B065E7F3F42}.Release|Any CPU.ActiveCfg = Release|Any CPU
		{D74D7241-9CB9-4B2E-BA77-7B065E7F3F42}.Release|Any CPU.Build.0 = Release|Any CPU
		{A67E3CDD-C5D8-40F5-AF17-B2303C8086A8}.Debug|Any CPU.ActiveCfg = Debug|Any CPU
		{A67E3CDD-C5D8-40F5-AF17-B2303C8086A8}.Debug|Any CPU.Build.0 = Debug|Any CPU
		{A67E3CDD-C5D8-40F5-AF17-B2303C8086A8}.Release|Any CPU.ActiveCfg = Release|Any CPU
		{A67E3CDD-C5D8-40F5-AF17-B2303C8086A8}.Release|Any CPU.Build.0 = Release|Any CPU
		{613BB266-FD20-475E-BA9F-8697DE6E128F}.Debug|Any CPU.ActiveCfg = Debug|Any CPU
		{613BB266-FD20-475E-BA9F-8697DE6E128F}.Debug|Any CPU.Build.0 = Debug|Any CPU
		{613BB266-FD20-475E-BA9F-8697DE6E128F}.Release|Any CPU.ActiveCfg = Release|Any CPU
		{613BB266-FD20-475E-BA9F-8697DE6E128F}.Release|Any CPU.Build.0 = Release|Any CPU
		{8D2DFEDE-7302-45B5-8512-6CD1DB819A68}.Debug|Any CPU.ActiveCfg = Debug|Any CPU
		{8D2DFEDE-7302-45B5-8512-6CD1DB819A68}.Debug|Any CPU.Build.0 = Debug|Any CPU
		{8D2DFEDE-7302-45B5-8512-6CD1DB819A68}.Release|Any CPU.ActiveCfg = Release|Any CPU
		{8D2DFEDE-7302-45B5-8512-6CD1DB819A68}.Release|Any CPU.Build.0 = Release|Any CPU
		{4E41476D-09A5-4EE7-8E72-57EC6D5C976C}.Debug|Any CPU.ActiveCfg = Debug|Any CPU
		{4E41476D-09A5-4EE7-8E72-57EC6D5C976C}.Debug|Any CPU.Build.0 = Debug|Any CPU
		{4E41476D-09A5-4EE7-8E72-57EC6D5C976C}.Release|Any CPU.ActiveCfg = Release|Any CPU
		{4E41476D-09A5-4EE7-8E72-57EC6D5C976C}.Release|Any CPU.Build.0 = Release|Any CPU
		{697BFD10-07CB-4FB9-BC2F-11DB11CC46DD}.Debug|Any CPU.ActiveCfg = Debug|Any CPU
		{697BFD10-07CB-4FB9-BC2F-11DB11CC46DD}.Debug|Any CPU.Build.0 = Debug|Any CPU
		{697BFD10-07CB-4FB9-BC2F-11DB11CC46DD}.Release|Any CPU.ActiveCfg = Release|Any CPU
		{697BFD10-07CB-4FB9-BC2F-11DB11CC46DD}.Release|Any CPU.Build.0 = Release|Any CPU
	EndGlobalSection
	GlobalSection(SolutionProperties) = preSolution
		HideSolutionNode = FALSE
	EndGlobalSection
	GlobalSection(NestedProjects) = preSolution
		{E7BB67C5-DE4C-41E6-A108-969C017FAD2A} = {EA4DEA2A-5900-488F-9FAD-123C91429973}
		{D74D7241-9CB9-4B2E-BA77-7B065E7F3F42} = {EA4DEA2A-5900-488F-9FAD-123C91429973}
		{A67E3CDD-C5D8-40F5-AF17-B2303C8086A8} = {FA18F448-AB84-4CBD-B754-DD42B0467F80}
		{613BB266-FD20-475E-BA9F-8697DE6E128F} = {EA4DEA2A-5900-488F-9FAD-123C91429973}
		{8D2DFEDE-7302-45B5-8512-6CD1DB819A68} = {EA4DEA2A-5900-488F-9FAD-123C91429973}
		{4E41476D-09A5-4EE7-8E72-57EC6D5C976C} = {EA4DEA2A-5900-488F-9FAD-123C91429973}
		{697BFD10-07CB-4FB9-BC2F-11DB11CC46DD} = {EA4DEA2A-5900-488F-9FAD-123C91429973}
	EndGlobalSection
	GlobalSection(ExtensibilityGlobals) = postSolution
		SolutionGuid = {8D3E97DA-7305-4029-A840-FC150C8DD729}
	EndGlobalSection
EndGlobal
